
Microsoft Visual Studio Solution File, Format Version 12.00
# Visual Studio Version 17
VisualStudioVersion = 17.1.32210.238
MinimumVisualStudioVersion = 10.0.40219.1
Project("{FAE04EC0-301F-11D3-BF4B-00C04F79EFBC}") = "Tjedan1.Android", "Tjedan1\Tjedan1.Android\Tjedan1.Android.csproj", "{87635F44-AB8F-4573-90E7-02921546B9E6}"
EndProject
Project("{FAE04EC0-301F-11D3-BF4B-00C04F79EFBC}") = "Tjedan1.iOS", "Tjedan1\Tjedan1.iOS\Tjedan1.iOS.csproj", "{3F184294-5315-4A3B-B7D6-7B385F1CF2EF}"
EndProject
Project("{FAE04EC0-301F-11D3-BF4B-00C04F79EFBC}") = "Tjedan1", "Tjedan1\Tjedan1\Tjedan1.csproj", "{1E8C9317-F7FD-4E81-8EA0-9FBBF444920D}"
EndProject
Global
	GlobalSection(SolutionConfigurationPlatforms) = preSolution
		Debug|Any CPU = Debug|Any CPU
		Debug|iPhone = Debug|iPhone
		Debug|iPhoneSimulator = Debug|iPhoneSimulator
		Release|Any CPU = Release|Any CPU
		Release|iPhone = Release|iPhone
		Release|iPhoneSimulator = Release|iPhoneSimulator
	EndGlobalSection
	GlobalSection(ProjectConfigurationPlatforms) = postSolution
		{87635F44-AB8F-4573-90E7-02921546B9E6}.Debug|Any CPU.ActiveCfg = Debug|Any CPU
		{87635F44-AB8F-4573-90E7-02921546B9E6}.Debug|Any CPU.Build.0 = Debug|Any CPU
		{87635F44-AB8F-4573-90E7-02921546B9E6}.Debug|Any CPU.Deploy.0 = Debug|Any CPU
		{87635F44-AB8F-4573-90E7-02921546B9E6}.Debug|iPhone.ActiveCfg = Debug|Any CPU
		{87635F44-AB8F-4573-90E7-02921546B9E6}.Debug|iPhone.Build.0 = Debug|Any CPU
		{87635F44-AB8F-4573-90E7-02921546B9E6}.Debug|iPhone.Deploy.0 = Debug|Any CPU
		{87635F44-AB8F-4573-90E7-02921546B9E6}.Debug|iPhoneSimulator.ActiveCfg = Debug|Any CPU
		{87635F44-AB8F-4573-90E7-02921546B9E6}.Debug|iPhoneSimulator.Build.0 = Debug|Any CPU
		{87635F44-AB8F-4573-90E7-02921546B9E6}.Debug|iPhoneSimulator.Deploy.0 = Debug|Any CPU
		{87635F44-AB8F-4573-90E7-02921546B9E6}.Release|Any CPU.ActiveCfg = Release|Any CPU
		{87635F44-AB8F-4573-90E7-02921546B9E6}.Release|Any CPU.Build.0 = Release|Any CPU
		{87635F44-AB8F-4573-90E7-02921546B9E6}.Release|Any CPU.Deploy.0 = Release|Any CPU
		{87635F44-AB8F-4573-90E7-02921546B9E6}.Release|iPhone.ActiveCfg = Release|Any CPU
		{87635F44-AB8F-4573-90E7-02921546B9E6}.Release|iPhone.Build.0 = Release|Any CPU
		{87635F44-AB8F-4573-90E7-02921546B9E6}.Release|iPhone.Deploy.0 = Release|Any CPU
		{87635F44-AB8F-4573-90E7-02921546B9E6}.Release|iPhoneSimulator.ActiveCfg = Release|Any CPU
		{87635F44-AB8F-4573-90E7-02921546B9E6}.Release|iPhoneSimulator.Build.0 = Release|Any CPU
		{87635F44-AB8F-4573-90E7-02921546B9E6}.Release|iPhoneSimulator.Deploy.0 = Release|Any CPU
		{3F184294-5315-4A3B-B7D6-7B385F1CF2EF}.Debug|Any CPU.ActiveCfg = Debug|iPhone
		{3F184294-5315-4A3B-B7D6-7B385F1CF2EF}.Debug|Any CPU.Build.0 = Debug|iPhone
		{3F184294-5315-4A3B-B7D6-7B385F1CF2EF}.Debug|Any CPU.Deploy.0 = Debug|iPhone
		{3F184294-5315-4A3B-B7D6-7B385F1CF2EF}.Debug|iPhone.ActiveCfg = Debug|iPhone
		{3F184294-5315-4A3B-B7D6-7B385F1CF2EF}.Debug|iPhone.Build.0 = Debug|iPhone
		{3F184294-5315-4A3B-B7D6-7B385F1CF2EF}.Debug|iPhone.Deploy.0 = Debug|iPhone
		{3F184294-5315-4A3B-B7D6-7B385F1CF2EF}.Debug|iPhoneSimulator.ActiveCfg = Debug|iPhoneSimulator
		{3F184294-5315-4A3B-B7D6-7B385F1CF2EF}.Debug|iPhoneSimulator.Build.0 = Debug|iPhoneSimulator
		{3F184294-5315-4A3B-B7D6-7B385F1CF2EF}.Debug|iPhoneSimulator.Deploy.0 = Debug|iPhoneSimulator
		{3F184294-5315-4A3B-B7D6-7B385F1CF2EF}.Release|Any CPU.ActiveCfg = Release|iPhoneSimulator
		{3F184294-5315-4A3B-B7D6-7B385F1CF2EF}.Release|Any CPU.Build.0 = Release|iPhoneSimulator
		{3F184294-5315-4A3B-B7D6-7B385F1CF2EF}.Release|Any CPU.Deploy.0 = Release|iPhoneSimulator
		{3F184294-5315-4A3B-B7D6-7B385F1CF2EF}.Release|iPhone.ActiveCfg = Release|iPhone
		{3F184294-5315-4A3B-B7D6-7B385F1CF2EF}.Release|iPhone.Build.0 = Release|iPhone
		{3F184294-5315-4A3B-B7D6-7B385F1CF2EF}.Release|iPhone.Deploy.0 = Release|iPhone
		{3F184294-5315-4A3B-B7D6-7B385F1CF2EF}.Release|iPhoneSimulator.ActiveCfg = Release|iPhoneSimulator
		{3F184294-5315-4A3B-B7D6-7B385F1CF2EF}.Release|iPhoneSimulator.Build.0 = Release|iPhoneSimulator
		{3F184294-5315-4A3B-B7D6-7B385F1CF2EF}.Release|iPhoneSimulator.Deploy.0 = Release|iPhoneSimulator
		{1E8C9317-F7FD-4E81-8EA0-9FBBF444920D}.Debug|Any CPU.ActiveCfg = Debug|Any CPU
		{1E8C9317-F7FD-4E81-8EA0-9FBBF444920D}.Debug|Any CPU.Build.0 = Debug|Any CPU
		{1E8C9317-F7FD-4E81-8EA0-9FBBF444920D}.Debug|Any CPU.Deploy.0 = Debug|Any CPU
		{1E8C9317-F7FD-4E81-8EA0-9FBBF444920D}.Debug|iPhone.ActiveCfg = Debug|Any CPU
		{1E8C9317-F7FD-4E81-8EA0-9FBBF444920D}.Debug|iPhone.Build.0 = Debug|Any CPU
		{1E8C9317-F7FD-4E81-8EA0-9FBBF444920D}.Debug|iPhone.Deploy.0 = Debug|Any CPU
		{1E8C9317-F7FD-4E81-8EA0-9FBBF444920D}.Debug|iPhoneSimulator.ActiveCfg = Debug|Any CPU
		{1E8C9317-F7FD-4E81-8EA0-9FBBF444920D}.Debug|iPhoneSimulator.Build.0 = Debug|Any CPU
		{1E8C9317-F7FD-4E81-8EA0-9FBBF444920D}.Debug|iPhoneSimulator.Deploy.0 = Debug|Any CPU
		{1E8C9317-F7FD-4E81-8EA0-9FBBF444920D}.Release|Any CPU.ActiveCfg = Release|Any CPU
		{1E8C9317-F7FD-4E81-8EA0-9FBBF444920D}.Release|Any CPU.Build.0 = Release|Any CPU
		{1E8C9317-F7FD-4E81-8EA0-9FBBF444920D}.Release|Any CPU.Deploy.0 = Release|Any CPU
		{1E8C9317-F7FD-4E81-8EA0-9FBBF444920D}.Release|iPhone.ActiveCfg = Release|Any CPU
		{1E8C9317-F7FD-4E81-8EA0-9FBBF444920D}.Release|iPhone.Build.0 = Release|Any CPU
		{1E8C9317-F7FD-4E81-8EA0-9FBBF444920D}.Release|iPhone.Deploy.0 = Release|Any CPU
		{1E8C9317-F7FD-4E81-8EA0-9FBBF444920D}.Release|iPhoneSimulator.ActiveCfg = Release|Any CPU
		{1E8C9317-F7FD-4E81-8EA0-9FBBF444920D}.Release|iPhoneSimulator.Build.0 = Release|Any CPU
		{1E8C9317-F7FD-4E81-8EA0-9FBBF444920D}.Release|iPhoneSimulator.Deploy.0 = Release|Any CPU
	EndGlobalSection
	GlobalSection(SolutionProperties) = preSolution
		HideSolutionNode = FALSE
	EndGlobalSection
	GlobalSection(ExtensibilityGlobals) = postSolution
		SolutionGuid = {87296999-9652-4DD1-9834-DC721C7B0E5D}
	EndGlobalSection
EndGlobal
